
Microsoft Visual Studio Solution File, Format Version 12.00
# Visual Studio 15
VisualStudioVersion = 15.0.26228.52
MinimumVisualStudioVersion = 10.0.40219.1
Project("{FAE04EC0-301F-11D3-BF4B-00C04F79EFBC}") = "AerospaceDataAnalytics.UI", "AerospaceDataAnalyticsUI\AerospaceDataAnalytics.UI.csproj", "{3DE6FF76-7EA8-4259-BCEE-A5BD53A1FC47}"
EndProject
Project("{FAE04EC0-301F-11D3-BF4B-00C04F79EFBC}") = "AerospaceDataAnalytics.Website", "AerospaceDataAnalytics.Website\AerospaceDataAnalytics.Website.csproj", "{A933C268-E8A3-40D9-B1E0-455B6BF0772D}"
EndProject
Global
	GlobalSection(SolutionConfigurationPlatforms) = preSolution
		Debug|Any CPU = Debug|Any CPU
		Release|Any CPU = Release|Any CPU
	EndGlobalSection
	GlobalSection(ProjectConfigurationPlatforms) = postSolution
		{3DE6FF76-7EA8-4259-BCEE-A5BD53A1FC47}.Debug|Any CPU.ActiveCfg = Debug|Any CPU
		{3DE6FF76-7EA8-4259-BCEE-A5BD53A1FC47}.Debug|Any CPU.Build.0 = Debug|Any CPU
		{3DE6FF76-7EA8-4259-BCEE-A5BD53A1FC47}.Release|Any CPU.ActiveCfg = Release|Any CPU
		{3DE6FF76-7EA8-4259-BCEE-A5BD53A1FC47}.Release|Any CPU.Build.0 = Release|Any CPU
		{A933C268-E8A3-40D9-B1E0-455B6BF0772D}.Debug|Any CPU.ActiveCfg = Debug|Any CPU
		{A933C268-E8A3-40D9-B1E0-455B6BF0772D}.Debug|Any CPU.Build.0 = Debug|Any CPU
		{A933C268-E8A3-40D9-B1E0-455B6BF0772D}.Release|Any CPU.ActiveCfg = Release|Any CPU
		{A933C268-E8A3-40D9-B1E0-455B6BF0772D}.Release|Any CPU.Build.0 = Release|Any CPU
	EndGlobalSection
	GlobalSection(SolutionProperties) = preSolution
		HideSolutionNode = FALSE
	EndGlobalSection
EndGlobal
